
Microsoft Visual Studio Solution File, Format Version 12.00
# Visual Studio Version 17
VisualStudioVersion = 17.0.31903.59
MinimumVisualStudioVersion = 10.0.40219.1
Project("{2150E333-8FDC-42A3-9474-1A3956D46DE8}") = "src", "src", "{827E0CD3-B72D-47B6-A68D-7590B98EB39B}"
EndProject
Project("{2150E333-8FDC-42A3-9474-1A3956D46DE8}") = "backend", "backend", "{FE360695-3F2B-1049-3887-35FBB5135923}"
EndProject
Project("{FAE04EC0-301F-11D3-BF4B-00C04F79EFBC}") = "WoWInsight.Api", "src\backend\WoWInsight.Api\WoWInsight.Api.csproj", "{F3D3BE7A-CBD5-4ECE-A4AD-6A610F5F3A9A}"
EndProject
Project("{FAE04EC0-301F-11D3-BF4B-00C04F79EFBC}") = "WoWInsight.Application", "src\backend\WoWInsight.Application\WoWInsight.Application.csproj", "{24CCC247-B573-459F-8388-464DC2963A93}"
EndProject
Project("{FAE04EC0-301F-11D3-BF4B-00C04F79EFBC}") = "WoWInsight.Domain", "src\backend\WoWInsight.Domain\WoWInsight.Domain.csproj", "{7C763D0E-D97B-482B-B23D-3AC60C75C286}"
EndProject
Project("{FAE04EC0-301F-11D3-BF4B-00C04F79EFBC}") = "WoWInsight.Infrastructure", "src\backend\WoWInsight.Infrastructure\WoWInsight.Infrastructure.csproj", "{5D92783D-88EF-4DAE-8109-43776BDB9956}"
EndProject
Project("{2150E333-8FDC-42A3-9474-1A3956D46DE8}") = "mobile", "mobile", "{5F6E8ECF-6C7C-84BC-3852-AC68F2C425F8}"
EndProject
Project("{FAE04EC0-301F-11D3-BF4B-00C04F79EFBC}") = "WoWInsight.Mobile", "src\mobile\WoWInsight.Mobile\WoWInsight.Mobile.csproj", "{23C67164-5164-48D8-A880-FC0EAEB8D0A2}"
EndProject
Global
	GlobalSection(SolutionConfigurationPlatforms) = preSolution
		Debug|Any CPU = Debug|Any CPU
		Debug|x64 = Debug|x64
		Debug|x86 = Debug|x86
		Release|Any CPU = Release|Any CPU
		Release|x64 = Release|x64
		Release|x86 = Release|x86
	EndGlobalSection
	GlobalSection(ProjectConfigurationPlatforms) = postSolution
		{F3D3BE7A-CBD5-4ECE-A4AD-6A610F5F3A9A}.Debug|Any CPU.ActiveCfg = Debug|Any CPU
		{F3D3BE7A-CBD5-4ECE-A4AD-6A610F5F3A9A}.Debug|Any CPU.Build.0 = Debug|Any CPU
		{F3D3BE7A-CBD5-4ECE-A4AD-6A610F5F3A9A}.Debug|x64.ActiveCfg = Debug|Any CPU
		{F3D3BE7A-CBD5-4ECE-A4AD-6A610F5F3A9A}.Debug|x64.Build.0 = Debug|Any CPU
		{F3D3BE7A-CBD5-4ECE-A4AD-6A610F5F3A9A}.Debug|x86.ActiveCfg = Debug|Any CPU
		{F3D3BE7A-CBD5-4ECE-A4AD-6A610F5F3A9A}.Debug|x86.Build.0 = Debug|Any CPU
		{F3D3BE7A-CBD5-4ECE-A4AD-6A610F5F3A9A}.Release|Any CPU.ActiveCfg = Release|Any CPU
		{F3D3BE7A-CBD5-4ECE-A4AD-6A610F5F3A9A}.Release|Any CPU.Build.0 = Release|Any CPU
		{F3D3BE7A-CBD5-4ECE-A4AD-6A610F5F3A9A}.Release|x64.ActiveCfg = Release|Any CPU
		{F3D3BE7A-CBD5-4ECE-A4AD-6A610F5F3A9A}.Release|x64.Build.0 = Release|Any CPU
		{F3D3BE7A-CBD5-4ECE-A4AD-6A610F5F3A9A}.Release|x86.ActiveCfg = Release|Any CPU
		{F3D3BE7A-CBD5-4ECE-A4AD-6A610F5F3A9A}.Release|x86.Build.0 = Release|Any CPU
		{24CCC247-B573-459F-8388-464DC2963A93}.Debug|Any CPU.ActiveCfg = Debug|Any CPU
		{24CCC247-B573-459F-8388-464DC2963A93}.Debug|Any CPU.Build.0 = Debug|Any CPU
		{24CCC247-B573-459F-8388-464DC2963A93}.Debug|x64.ActiveCfg = Debug|Any CPU
		{24CCC247-B573-459F-8388-464DC2963A93}.Debug|x64.Build.0 = Debug|Any CPU
		{24CCC247-B573-459F-8388-464DC2963A93}.Debug|x86.ActiveCfg = Debug|Any CPU
		{24CCC247-B573-459F-8388-464DC2963A93}.Debug|x86.Build.0 = Debug|Any CPU
		{24CCC247-B573-459F-8388-464DC2963A93}.Release|Any CPU.ActiveCfg = Release|Any CPU
		{24CCC247-B573-459F-8388-464DC2963A93}.Release|Any CPU.Build.0 = Release|Any CPU
		{24CCC247-B573-459F-8388-464DC2963A93}.Release|x64.ActiveCfg = Release|Any CPU
		{24CCC247-B573-459F-8388-464DC2963A93}.Release|x64.Build.0 = Release|Any CPU
		{24CCC247-B573-459F-8388-464DC2963A93}.Release|x86.ActiveCfg = Release|Any CPU
		{24CCC247-B573-459F-8388-464DC2963A93}.Release|x86.Build.0 = Release|Any CPU
		{7C763D0E-D97B-482B-B23D-3AC60C75C286}.Debug|Any CPU.ActiveCfg = Debug|Any CPU
		{7C763D0E-D97B-482B-B23D-3AC60C75C286}.Debug|Any CPU.Build.0 = Debug|Any CPU
		{7C763D0E-D97B-482B-B23D-3AC60C75C286}.Debug|x64.ActiveCfg = Debug|Any CPU
		{7C763D0E-D97B-482B-B23D-3AC60C75C286}.Debug|x64.Build.0 = Debug|Any CPU
		{7C763D0E-D97B-482B-B23D-3AC60C75C286}.Debug|x86.ActiveCfg = Debug|Any CPU
		{7C763D0E-D97B-482B-B23D-3AC60C75C286}.Debug|x86.Build.0 = Debug|Any CPU
		{7C763D0E-D97B-482B-B23D-3AC60C75C286}.Release|Any CPU.ActiveCfg = Release|Any CPU
		{7C763D0E-D97B-482B-B23D-3AC60C75C286}.Release|Any CPU.Build.0 = Release|Any CPU
		{7C763D0E-D97B-482B-B23D-3AC60C75C286}.Release|x64.ActiveCfg = Release|Any CPU
		{7C763D0E-D97B-482B-B23D-3AC60C75C286}.Release|x64.Build.0 = Release|Any CPU
		{7C763D0E-D97B-482B-B23D-3AC60C75C286}.Release|x86.ActiveCfg = Release|Any CPU
		{7C763D0E-D97B-482B-B23D-3AC60C75C286}.Release|x86.Build.0 = Release|Any CPU
		{5D92783D-88EF-4DAE-8109-43776BDB9956}.Debug|Any CPU.ActiveCfg = Debug|Any CPU
		{5D92783D-88EF-4DAE-8109-43776BDB9956}.Debug|Any CPU.Build.0 = Debug|Any CPU
		{5D92783D-88EF-4DAE-8109-43776BDB9956}.Debug|x64.ActiveCfg = Debug|Any CPU
		{5D92783D-88EF-4DAE-8109-43776BDB9956}.Debug|x64.Build.0 = Debug|Any CPU
		{5D92783D-88EF-4DAE-8109-43776BDB9956}.Debug|x86.ActiveCfg = Debug|Any CPU
		{5D92783D-88EF-4DAE-8109-43776BDB9956}.Debug|x86.Build.0 = Debug|Any CPU
		{5D92783D-88EF-4DAE-8109-43776BDB9956}.Release|Any CPU.ActiveCfg = Release|Any CPU
		{5D92783D-88EF-4DAE-8109-43776BDB9956}.Release|Any CPU.Build.0 = Release|Any CPU
		{5D92783D-88EF-4DAE-8109-43776BDB9956}.Release|x64.ActiveCfg = Release|Any CPU
		{5D92783D-88EF-4DAE-8109-43776BDB9956}.Release|x64.Build.0 = Release|Any CPU
		{5D92783D-88EF-4DAE-8109-43776BDB9956}.Release|x86.ActiveCfg = Release|Any CPU
		{5D92783D-88EF-4DAE-8109-43776BDB9956}.Release|x86.Build.0 = Release|Any CPU
		{23C67164-5164-48D8-A880-FC0EAEB8D0A2}.Debug|Any CPU.ActiveCfg = Debug|Any CPU
		{23C67164-5164-48D8-A880-FC0EAEB8D0A2}.Debug|Any CPU.Build.0 = Debug|Any CPU
		{23C67164-5164-48D8-A880-FC0EAEB8D0A2}.Debug|x64.ActiveCfg = Debug|Any CPU
		{23C67164-5164-48D8-A880-FC0EAEB8D0A2}.Debug|x64.Build.0 = Debug|Any CPU
		{23C67164-5164-48D8-A880-FC0EAEB8D0A2}.Debug|x86.ActiveCfg = Debug|Any CPU
		{23C67164-5164-48D8-A880-FC0EAEB8D0A2}.Debug|x86.Build.0 = Debug|Any CPU
		{23C67164-5164-48D8-A880-FC0EAEB8D0A2}.Release|Any CPU.ActiveCfg = Release|Any CPU
		{23C67164-5164-48D8-A880-FC0EAEB8D0A2}.Release|Any CPU.Build.0 = Release|Any CPU
		{23C67164-5164-48D8-A880-FC0EAEB8D0A2}.Release|x64.ActiveCfg = Release|Any CPU
		{23C67164-5164-48D8-A880-FC0EAEB8D0A2}.Release|x64.Build.0 = Release|Any CPU
		{23C67164-5164-48D8-A880-FC0EAEB8D0A2}.Release|x86.ActiveCfg = Release|Any CPU
		{23C67164-5164-48D8-A880-FC0EAEB8D0A2}.Release|x86.Build.0 = Release|Any CPU
	EndGlobalSection
	GlobalSection(SolutionProperties) = preSolution
		HideSolutionNode = FALSE
	EndGlobalSection
	GlobalSection(NestedProjects) = preSolution
		{FE360695-3F2B-1049-3887-35FBB5135923} = {827E0CD3-B72D-47B6-A68D-7590B98EB39B}
		{F3D3BE7A-CBD5-4ECE-A4AD-6A610F5F3A9A} = {FE360695-3F2B-1049-3887-35FBB5135923}
		{24CCC247-B573-459F-8388-464DC2963A93} = {FE360695-3F2B-1049-3887-35FBB5135923}
		{7C763D0E-D97B-482B-B23D-3AC60C75C286} = {FE360695-3F2B-1049-3887-35FBB5135923}
		{5D92783D-88EF-4DAE-8109-43776BDB9956} = {FE360695-3F2B-1049-3887-35FBB5135923}
		{5F6E8ECF-6C7C-84BC-3852-AC68F2C425F8} = {827E0CD3-B72D-47B6-A68D-7590B98EB39B}
		{23C67164-5164-48D8-A880-FC0EAEB8D0A2} = {5F6E8ECF-6C7C-84BC-3852-AC68F2C425F8}
	EndGlobalSection
EndGlobal
